
Microsoft Visual Studio Solution File, Format Version 12.00
# Visual Studio Version 17
VisualStudioVersion = 17.7.34221.43
MinimumVisualStudioVersion = 10.0.40219.1
Project("{FAE04EC0-301F-11D3-BF4B-00C04F79EFBC}") = "Leitura de senha", "Leitura de senha\Leitura de senha.csproj", "{8AF8BB2D-528D-41F6-88CF-8C883F4DF0C5}"
EndProject
Global
	GlobalSection(SolutionConfigurationPlatforms) = preSolution
		Debug|Any CPU = Debug|Any CPU
		Release|Any CPU = Release|Any CPU
	EndGlobalSection
	GlobalSection(ProjectConfigurationPlatforms) = postSolution
		{8AF8BB2D-528D-41F6-88CF-8C883F4DF0C5}.Debug|Any CPU.ActiveCfg = Debug|Any CPU
		{8AF8BB2D-528D-41F6-88CF-8C883F4DF0C5}.Debug|Any CPU.Build.0 = Debug|Any CPU
		{8AF8BB2D-528D-41F6-88CF-8C883F4DF0C5}.Release|Any CPU.ActiveCfg = Release|Any CPU
		{8AF8BB2D-528D-41F6-88CF-8C883F4DF0C5}.Release|Any CPU.Build.0 = Release|Any CPU
	EndGlobalSection
	GlobalSection(SolutionProperties) = preSolution
		HideSolutionNode = FALSE
	EndGlobalSection
	GlobalSection(ExtensibilityGlobals) = postSolution
		SolutionGuid = {B3A73350-9033-4D51-BDB7-163F84F5D053}
	EndGlobalSection
EndGlobal
